
Microsoft Visual Studio Solution File, Format Version 12.00
# Visual Studio 2012
Project("{FAE04EC0-301F-11D3-BF4B-00C04F79EFBC}") = "Lab4b", "Lab4b\Lab4b.csproj", "{5229C2D4-A13A-4C7D-A77F-5D20C37561E1}"
EndProject
Global
	GlobalSection(SolutionConfigurationPlatforms) = preSolution
		Debug|Any CPU = Debug|Any CPU
		Release|Any CPU = Release|Any CPU
	EndGlobalSection
	GlobalSection(ProjectConfigurationPlatforms) = postSolution
		{5229C2D4-A13A-4C7D-A77F-5D20C37561E1}.Debug|Any CPU.ActiveCfg = Debug|Any CPU
		{5229C2D4-A13A-4C7D-A77F-5D20C37561E1}.Debug|Any CPU.Build.0 = Debug|Any CPU
		{5229C2D4-A13A-4C7D-A77F-5D20C37561E1}.Release|Any CPU.ActiveCfg = Release|Any CPU
		{5229C2D4-A13A-4C7D-A77F-5D20C37561E1}.Release|Any CPU.Build.0 = Release|Any CPU
	EndGlobalSection
	GlobalSection(SolutionProperties) = preSolution
		HideSolutionNode = FALSE
	EndGlobalSection
EndGlobal
